
Microsoft Visual Studio Solution File, Format Version 12.00
# Visual Studio Version 17
VisualStudioVersion = 17.5.33516.290
MinimumVisualStudioVersion = 10.0.40219.1
Project("{FAE04EC0-301F-11D3-BF4B-00C04F79EFBC}") = "CurrencyBot", "CurrencyBot.csproj", "{FD219036-065C-459E-9BFD-11E4B861A66F}"
EndProject
Global
	GlobalSection(SolutionConfigurationPlatforms) = preSolution
		Debug|Any CPU = Debug|Any CPU
		Release|Any CPU = Release|Any CPU
	EndGlobalSection
	GlobalSection(ProjectConfigurationPlatforms) = postSolution
		{FD219036-065C-459E-9BFD-11E4B861A66F}.Debug|Any CPU.ActiveCfg = Debug|Any CPU
		{FD219036-065C-459E-9BFD-11E4B861A66F}.Debug|Any CPU.Build.0 = Debug|Any CPU
		{FD219036-065C-459E-9BFD-11E4B861A66F}.Release|Any CPU.ActiveCfg = Release|Any CPU
		{FD219036-065C-459E-9BFD-11E4B861A66F}.Release|Any CPU.Build.0 = Release|Any CPU
	EndGlobalSection
	GlobalSection(SolutionProperties) = preSolution
		HideSolutionNode = FALSE
	EndGlobalSection
	GlobalSection(ExtensibilityGlobals) = postSolution
		SolutionGuid = {BB7856AB-BA40-43FD-B21F-4708EA97EF24}
	EndGlobalSection
EndGlobal
